
Microsoft Visual Studio Solution File, Format Version 12.00
Project("{FAE04EC0-301F-11D3-BF4B-00C04F79EFBC}") = "RichEntity", "RichEntity\RichEntity.csproj", "{BBE52426-582A-44C7-9B7E-616FB6155501}"
EndProject
Project("{FAE04EC0-301F-11D3-BF4B-00C04F79EFBC}") = "RichEntity.Tests", "RichEntity.Tests\RichEntity.Tests.csproj", "{15B7A5B2-49C0-492C-A8F5-8B938D48718B}"
EndProject
Project("{FAE04EC0-301F-11D3-BF4B-00C04F79EFBC}") = "RichEntity.Sample", "RichEntity.Sample\RichEntity.Sample.csproj", "{7E583089-82AF-44F8-89D9-EAFF3764ED0B}"
EndProject
Global
	GlobalSection(SolutionConfigurationPlatforms) = preSolution
		Debug|Any CPU = Debug|Any CPU
		Release|Any CPU = Release|Any CPU
	EndGlobalSection
	GlobalSection(ProjectConfigurationPlatforms) = postSolution
		{BBE52426-582A-44C7-9B7E-616FB6155501}.Debug|Any CPU.ActiveCfg = Debug|Any CPU
		{BBE52426-582A-44C7-9B7E-616FB6155501}.Debug|Any CPU.Build.0 = Debug|Any CPU
		{BBE52426-582A-44C7-9B7E-616FB6155501}.Release|Any CPU.ActiveCfg = Release|Any CPU
		{BBE52426-582A-44C7-9B7E-616FB6155501}.Release|Any CPU.Build.0 = Release|Any CPU
		{15B7A5B2-49C0-492C-A8F5-8B938D48718B}.Debug|Any CPU.ActiveCfg = Debug|Any CPU
		{15B7A5B2-49C0-492C-A8F5-8B938D48718B}.Debug|Any CPU.Build.0 = Debug|Any CPU
		{15B7A5B2-49C0-492C-A8F5-8B938D48718B}.Release|Any CPU.ActiveCfg = Release|Any CPU
		{15B7A5B2-49C0-492C-A8F5-8B938D48718B}.Release|Any CPU.Build.0 = Release|Any CPU
		{7E583089-82AF-44F8-89D9-EAFF3764ED0B}.Debug|Any CPU.ActiveCfg = Debug|Any CPU
		{7E583089-82AF-44F8-89D9-EAFF3764ED0B}.Debug|Any CPU.Build.0 = Debug|Any CPU
		{7E583089-82AF-44F8-89D9-EAFF3764ED0B}.Release|Any CPU.ActiveCfg = Release|Any CPU
		{7E583089-82AF-44F8-89D9-EAFF3764ED0B}.Release|Any CPU.Build.0 = Release|Any CPU
	EndGlobalSection
	GlobalSection(NestedProjects) = preSolution
	EndGlobalSection
EndGlobal
